
Microsoft Visual Studio Solution File, Format Version 12.00
# Visual Studio Version 17
VisualStudioVersion = 17.4.33213.308
MinimumVisualStudioVersion = 10.0.40219.1
Project("{FAE04EC0-301F-11D3-BF4B-00C04F79EFBC}") = "Training", "Training\Training.csproj", "{F5CE991C-E2C0-408C-A3C3-1AFBD582171F}"
EndProject
Global
	GlobalSection(SolutionConfigurationPlatforms) = preSolution
		Debug|Any CPU = Debug|Any CPU
		Release|Any CPU = Release|Any CPU
	EndGlobalSection
	GlobalSection(ProjectConfigurationPlatforms) = postSolution
		{F5CE991C-E2C0-408C-A3C3-1AFBD582171F}.Debug|Any CPU.ActiveCfg = Debug|Any CPU
		{F5CE991C-E2C0-408C-A3C3-1AFBD582171F}.Debug|Any CPU.Build.0 = Debug|Any CPU
		{F5CE991C-E2C0-408C-A3C3-1AFBD582171F}.Release|Any CPU.ActiveCfg = Release|Any CPU
		{F5CE991C-E2C0-408C-A3C3-1AFBD582171F}.Release|Any CPU.Build.0 = Release|Any CPU
	EndGlobalSection
	GlobalSection(SolutionProperties) = preSolution
		HideSolutionNode = FALSE
	EndGlobalSection
	GlobalSection(ExtensibilityGlobals) = postSolution
		SolutionGuid = {8841CC1E-BA55-4C5A-AAA0-1004FE324395}
	EndGlobalSection
EndGlobal
